{
  "object": {
    "pins": [
      {
        "package": "XestiPath",
        "repositoryURL": "https://github.com/eBardX/XestiPath.git",
        "state": {
          "branch": null,
          "revision": "cebe8970ffe5484402fa5e7390c0249921efb187",
          "version": "1.0.1"
        }
      }
    ]
  },
  "version": 1
}
