{
  "object": {
    "pins": [
      {
        "package": "XestiPath",
        "repositoryURL": "https://github.com/eBardX/XestiPath.git",
        "state": {
          "branch": null,
          "revision": "9c875b2c6e33891fe072bfb05ee7b3a54f89a9b5",
          "version": "1.0.0"
        }
      }
    ]
  },
  "version": 1
}
